// !$*UTF8*$!
{
	archiveVersion = 1;
	classes = {
	};
	objectVersion = 48;
	objects = {

/* Begin PBXBuildFile section */
		D9327EC81FF1403F005A429C /* Bool.swift in Sources */ = {isa = PBXBuildFile; fileRef = D9327EC71FF1403F005A429C /* Bool.swift */; };
		D9327ECA1FF1453A005A429C /* NSRange.swift in Sources */ = {isa = PBXBuildFile; fileRef = D9327EC91FF1453A005A429C /* NSRange.swift */; };
		D9695C311FE4DA280078C0BC /* ExFoundation.h in Headers */ = {isa = PBXBuildFile; fileRef = D9695C2F1FE4DA280078C0BC /* ExFoundation.h */; settings = {ATTRIBUTES = (Public, ); }; };
		D9695C3A1FE4DA570078C0BC /* Equatable.swift in Sources */ = {isa = PBXBuildFile; fileRef = D9695C391FE4DA570078C0BC /* Equatable.swift */; };
		D9695C441FE4DAFC0078C0BC /* ExUIKit.h in Headers */ = {isa = PBXBuildFile; fileRef = D9695C421FE4DAFC0078C0BC /* ExUIKit.h */; settings = {ATTRIBUTES = (Public, ); }; };
		D9695C4B1FE4DB400078C0BC /* NSObject.swift in Sources */ = {isa = PBXBuildFile; fileRef = D9695C4A1FE4DB400078C0BC /* NSObject.swift */; };
		D9695C4D1FE4DC6D0078C0BC /* ReusableCell.swift in Sources */ = {isa = PBXBuildFile; fileRef = D9695C4C1FE4DC6D0078C0BC /* ReusableCell.swift */; };
		D9695C4F1FE4DC9E0078C0BC /* ReusableCell+UITableView.swift in Sources */ = {isa = PBXBuildFile; fileRef = D9695C4E1FE4DC9E0078C0BC /* ReusableCell+UITableView.swift */; };
		D9695C511FE4DF3D0078C0BC /* ExFoundation.framework in Frameworks */ = {isa = PBXBuildFile; fileRef = D9695C2C1FE4DA280078C0BC /* ExFoundation.framework */; };
		D9695C551FE4E6D40078C0BC /* ReusableCell+UICollectionView.swift in Sources */ = {isa = PBXBuildFile; fileRef = D9695C541FE4E6D40078C0BC /* ReusableCell+UICollectionView.swift */; };
		D9DA90A51FE4F812002FA230 /* Optional.swift in Sources */ = {isa = PBXBuildFile; fileRef = D9DA90A41FE4F812002FA230 /* Optional.swift */; };
		D9DA90A71FE4F99F002FA230 /* Dictionary.swift in Sources */ = {isa = PBXBuildFile; fileRef = D9DA90A61FE4F99F002FA230 /* Dictionary.swift */; };
/* End PBXBuildFile section */

/* Begin PBXContainerItemProxy section */
		D9695C521FE4DF450078C0BC /* PBXContainerItemProxy */ = {
			isa = PBXContainerItemProxy;
			containerPortal = D9695C231FE4DA280078C0BC /* Project object */;
			proxyType = 1;
			remoteGlobalIDString = D9695C2B1FE4DA280078C0BC;
			remoteInfo = ExFoundation;
		};
/* End PBXContainerItemProxy section */

/* Begin PBXFileReference section */
		D9327EC71FF1403F005A429C /* Bool.swift */ = {isa = PBXFileReference; lastKnownFileType = sourcecode.swift; path = Bool.swift; sourceTree = "<group>"; };
		D9327EC91FF1453A005A429C /* NSRange.swift */ = {isa = PBXFileReference; lastKnownFileType = sourcecode.swift; path = NSRange.swift; sourceTree = "<group>"; };
		D9695C2C1FE4DA280078C0BC /* ExFoundation.framework */ = {isa = PBXFileReference; explicitFileType = wrapper.framework; includeInIndex = 0; path = ExFoundation.framework; sourceTree = BUILT_PRODUCTS_DIR; };
		D9695C2F1FE4DA280078C0BC /* ExFoundation.h */ = {isa = PBXFileReference; lastKnownFileType = sourcecode.c.h; path = ExFoundation.h; sourceTree = "<group>"; };
		D9695C301FE4DA280078C0BC /* Info.plist */ = {isa = PBXFileReference; lastKnownFileType = text.plist.xml; path = Info.plist; sourceTree = "<group>"; };
		D9695C391FE4DA570078C0BC /* Equatable.swift */ = {isa = PBXFileReference; lastKnownFileType = sourcecode.swift; path = Equatable.swift; sourceTree = "<group>"; };
		D9695C401FE4DAFC0078C0BC /* ExUIKit.framework */ = {isa = PBXFileReference; explicitFileType = wrapper.framework; includeInIndex = 0; path = ExUIKit.framework; sourceTree = BUILT_PRODUCTS_DIR; };
		D9695C421FE4DAFC0078C0BC /* ExUIKit.h */ = {isa = PBXFileReference; lastKnownFileType = sourcecode.c.h; path = ExUIKit.h; sourceTree = "<group>"; };
		D9695C431FE4DAFC0078C0BC /* Info.plist */ = {isa = PBXFileReference; lastKnownFileType = text.plist.xml; path = Info.plist; sourceTree = "<group>"; };
		D9695C4A1FE4DB400078C0BC /* NSObject.swift */ = {isa = PBXFileReference; lastKnownFileType = sourcecode.swift; path = NSObject.swift; sourceTree = "<group>"; };
		D9695C4C1FE4DC6D0078C0BC /* ReusableCell.swift */ = {isa = PBXFileReference; lastKnownFileType = sourcecode.swift; path = ReusableCell.swift; sourceTree = "<group>"; };
		D9695C4E1FE4DC9E0078C0BC /* ReusableCell+UITableView.swift */ = {isa = PBXFileReference; lastKnownFileType = sourcecode.swift; path = "ReusableCell+UITableView.swift"; sourceTree = "<group>"; };
		D9695C541FE4E6D40078C0BC /* ReusableCell+UICollectionView.swift */ = {isa = PBXFileReference; lastKnownFileType = sourcecode.swift; path = "ReusableCell+UICollectionView.swift"; sourceTree = "<group>"; };
		D9DA90A41FE4F812002FA230 /* Optional.swift */ = {isa = PBXFileReference; lastKnownFileType = sourcecode.swift; path = Optional.swift; sourceTree = "<group>"; };
		D9DA90A61FE4F99F002FA230 /* Dictionary.swift */ = {isa = PBXFileReference; lastKnownFileType = sourcecode.swift; path = Dictionary.swift; sourceTree = "<group>"; };
/* End PBXFileReference section */

/* Begin PBXFrameworksBuildPhase section */
		D9695C281FE4DA280078C0BC /* Frameworks */ = {
			isa = PBXFrameworksBuildPhase;
			buildActionMask = 2147483647;
			files = (
			);
			runOnlyForDeploymentPostprocessing = 0;
		};
		D9695C3C1FE4DAFC0078C0BC /* Frameworks */ = {
			isa = PBXFrameworksBuildPhase;
			buildActionMask = 2147483647;
			files = (
				D9695C511FE4DF3D0078C0BC /* ExFoundation.framework in Frameworks */,
			);
			runOnlyForDeploymentPostprocessing = 0;
		};
/* End PBXFrameworksBuildPhase section */

/* Begin PBXGroup section */
		D9695C221FE4DA280078C0BC = {
			isa = PBXGroup;
			children = (
				D9695C371FE4DA3B0078C0BC /* Sources */,
				D9695C2E1FE4DA280078C0BC /* ExFoundation */,
				D9695C411FE4DAFC0078C0BC /* ExUIKit */,
				D9695C2D1FE4DA280078C0BC /* Products */,
				D9695C501FE4DF3D0078C0BC /* Frameworks */,
			);
			sourceTree = "<group>";
		};
		D9695C2D1FE4DA280078C0BC /* Products */ = {
			isa = PBXGroup;
			children = (
				D9695C2C1FE4DA280078C0BC /* ExFoundation.framework */,
				D9695C401FE4DAFC0078C0BC /* ExUIKit.framework */,
			);
			name = Products;
			sourceTree = "<group>";
		};
		D9695C2E1FE4DA280078C0BC /* ExFoundation */ = {
			isa = PBXGroup;
			children = (
				D9695C2F1FE4DA280078C0BC /* ExFoundation.h */,
				D9695C301FE4DA280078C0BC /* Info.plist */,
			);
			path = ExFoundation;
			sourceTree = "<group>";
		};
		D9695C371FE4DA3B0078C0BC /* Sources */ = {
			isa = PBXGroup;
			children = (
				D9695C381FE4DA440078C0BC /* Swift */,
				D9695C481FE4DB0B0078C0BC /* Foundation */,
				D9695C491FE4DB130078C0BC /* UIKit */,
			);
			path = Sources;
			sourceTree = "<group>";
		};
		D9695C381FE4DA440078C0BC /* Swift */ = {
			isa = PBXGroup;
			children = (
				D9695C391FE4DA570078C0BC /* Equatable.swift */,
				D9DA90A41FE4F812002FA230 /* Optional.swift */,
				D9DA90A61FE4F99F002FA230 /* Dictionary.swift */,
				D9327EC71FF1403F005A429C /* Bool.swift */,
			);
			path = Swift;
			sourceTree = "<group>";
		};
		D9695C411FE4DAFC0078C0BC /* ExUIKit */ = {
			isa = PBXGroup;
			children = (
				D9695C421FE4DAFC0078C0BC /* ExUIKit.h */,
				D9695C431FE4DAFC0078C0BC /* Info.plist */,
			);
			path = ExUIKit;
			sourceTree = "<group>";
		};
		D9695C481FE4DB0B0078C0BC /* Foundation */ = {
			isa = PBXGroup;
			children = (
				D9695C4A1FE4DB400078C0BC /* NSObject.swift */,
				D9327EC91FF1453A005A429C /* NSRange.swift */,
			);
			path = Foundation;
			sourceTree = "<group>";
		};
		D9695C491FE4DB130078C0BC /* UIKit */ = {
			isa = PBXGroup;
			children = (
				D9695C4C1FE4DC6D0078C0BC /* ReusableCell.swift */,
				D9695C4E1FE4DC9E0078C0BC /* ReusableCell+UITableView.swift */,
				D9695C541FE4E6D40078C0BC /* ReusableCell+UICollectionView.swift */,
			);
			path = UIKit;
			sourceTree = "<group>";
		};
		D9695C501FE4DF3D0078C0BC /* Frameworks */ = {
			isa = PBXGroup;
			children = (
			);
			name = Frameworks;
			sourceTree = "<group>";
		};
/* End PBXGroup section */

/* Begin PBXHeadersBuildPhase section */
		D9695C291FE4DA280078C0BC /* Headers */ = {
			isa = PBXHeadersBuildPhase;
			buildActionMask = 2147483647;
			files = (
				D9695C311FE4DA280078C0BC /* ExFoundation.h in Headers */,
			);
			runOnlyForDeploymentPostprocessing = 0;
		};
		D9695C3D1FE4DAFC0078C0BC /* Headers */ = {
			isa = PBXHeadersBuildPhase;
			buildActionMask = 2147483647;
			files = (
				D9695C441FE4DAFC0078C0BC /* ExUIKit.h in Headers */,
			);
			runOnlyForDeploymentPostprocessing = 0;
		};
/* End PBXHeadersBuildPhase section */

/* Begin PBXNativeTarget section */
		D9695C2B1FE4DA280078C0BC /* ExFoundation */ = {
			isa = PBXNativeTarget;
			buildConfigurationList = D9695C341FE4DA280078C0BC /* Build configuration list for PBXNativeTarget "ExFoundation" */;
			buildPhases = (
				D9695C271FE4DA280078C0BC /* Sources */,
				D9695C281FE4DA280078C0BC /* Frameworks */,
				D9695C291FE4DA280078C0BC /* Headers */,
				D9695C2A1FE4DA280078C0BC /* Resources */,
			);
			buildRules = (
			);
			dependencies = (
			);
			name = ExFoundation;
			productName = ExFoundation;
			productReference = D9695C2C1FE4DA280078C0BC /* ExFoundation.framework */;
			productType = "com.apple.product-type.framework";
		};
		D9695C3F1FE4DAFC0078C0BC /* ExUIKit */ = {
			isa = PBXNativeTarget;
			buildConfigurationList = D9695C451FE4DAFC0078C0BC /* Build configuration list for PBXNativeTarget "ExUIKit" */;
			buildPhases = (
				D9695C3B1FE4DAFC0078C0BC /* Sources */,
				D9695C3C1FE4DAFC0078C0BC /* Frameworks */,
				D9695C3D1FE4DAFC0078C0BC /* Headers */,
				D9695C3E1FE4DAFC0078C0BC /* Resources */,
			);
			buildRules = (
			);
			dependencies = (
				D9695C531FE4DF450078C0BC /* PBXTargetDependency */,
			);
			name = ExUIKit;
			productName = ExUIKit;
			productReference = D9695C401FE4DAFC0078C0BC /* ExUIKit.framework */;
			productType = "com.apple.product-type.framework";
		};
/* End PBXNativeTarget section */

/* Begin PBXProject section */
		D9695C231FE4DA280078C0BC /* Project object */ = {
			isa = PBXProject;
			attributes = {
				LastUpgradeCheck = 0920;
				ORGANIZATIONNAME = "林達也";
				TargetAttributes = {
					D9695C2B1FE4DA280078C0BC = {
						CreatedOnToolsVersion = 9.2;
						LastSwiftMigration = 0920;
						ProvisioningStyle = Automatic;
					};
					D9695C3F1FE4DAFC0078C0BC = {
						CreatedOnToolsVersion = 9.2;
						ProvisioningStyle = Automatic;
					};
				};
			};
			buildConfigurationList = D9695C261FE4DA280078C0BC /* Build configuration list for PBXProject "ExFoundation" */;
			compatibilityVersion = "Xcode 8.0";
			developmentRegion = en;
			hasScannedForEncodings = 0;
			knownRegions = (
				en,
			);
			mainGroup = D9695C221FE4DA280078C0BC;
			productRefGroup = D9695C2D1FE4DA280078C0BC /* Products */;
			projectDirPath = "";
			projectRoot = "";
			targets = (
				D9695C2B1FE4DA280078C0BC /* ExFoundation */,
				D9695C3F1FE4DAFC0078C0BC /* ExUIKit */,
			);
		};
/* End PBXProject section */

/* Begin PBXResourcesBuildPhase section */
		D9695C2A1FE4DA280078C0BC /* Resources */ = {
			isa = PBXResourcesBuildPhase;
			buildActionMask = 2147483647;
			files = (
			);
			runOnlyForDeploymentPostprocessing = 0;
		};
		D9695C3E1FE4DAFC0078C0BC /* Resources */ = {
			isa = PBXResourcesBuildPhase;
			buildActionMask = 2147483647;
			files = (
			);
			runOnlyForDeploymentPostprocessing = 0;
		};
/* End PBXResourcesBuildPhase section */

/* Begin PBXSourcesBuildPhase section */
		D9695C271FE4DA280078C0BC /* Sources */ = {
			isa = PBXSourcesBuildPhase;
			buildActionMask = 2147483647;
			files = (
				D9695C4F1FE4DC9E0078C0BC /* ReusableCell+UITableView.swift in Sources */,
				D9327ECA1FF1453A005A429C /* NSRange.swift in Sources */,
				D9327EC81FF1403F005A429C /* Bool.swift in Sources */,
				D9695C3A1FE4DA570078C0BC /* Equatable.swift in Sources */,
				D9695C4B1FE4DB400078C0BC /* NSObject.swift in Sources */,
				D9695C551FE4E6D40078C0BC /* ReusableCell+UICollectionView.swift in Sources */,
				D9DA90A71FE4F99F002FA230 /* Dictionary.swift in Sources */,
				D9695C4D1FE4DC6D0078C0BC /* ReusableCell.swift in Sources */,
				D9DA90A51FE4F812002FA230 /* Optional.swift in Sources */,
			);
			runOnlyForDeploymentPostprocessing = 0;
		};
		D9695C3B1FE4DAFC0078C0BC /* Sources */ = {
			isa = PBXSourcesBuildPhase;
			buildActionMask = 2147483647;
			files = (
			);
			runOnlyForDeploymentPostprocessing = 0;
		};
/* End PBXSourcesBuildPhase section */

/* Begin PBXTargetDependency section */
		D9695C531FE4DF450078C0BC /* PBXTargetDependency */ = {
			isa = PBXTargetDependency;
			target = D9695C2B1FE4DA280078C0BC /* ExFoundation */;
			targetProxy = D9695C521FE4DF450078C0BC /* PBXContainerItemProxy */;
		};
/* End PBXTargetDependency section */

/* Begin XCBuildConfiguration section */
		D9695C321FE4DA280078C0BC /* Debug */ = {
			isa = XCBuildConfiguration;
			buildSettings = {
				ALWAYS_SEARCH_USER_PATHS = NO;
				CLANG_ANALYZER_NONNULL = YES;
				CLANG_ANALYZER_NUMBER_OBJECT_CONVERSION = YES_AGGRESSIVE;
				CLANG_CXX_LANGUAGE_STANDARD = "gnu++14";
				CLANG_CXX_LIBRARY = "libc++";
				CLANG_ENABLE_MODULES = YES;
				CLANG_ENABLE_OBJC_ARC = YES;
				CLANG_WARN_BLOCK_CAPTURE_AUTORELEASING = YES;
				CLANG_WARN_BOOL_CONVERSION = YES;
				CLANG_WARN_COMMA = YES;
				CLANG_WARN_CONSTANT_CONVERSION = YES;
				CLANG_WARN_DIRECT_OBJC_ISA_USAGE = YES_ERROR;
				CLANG_WARN_DOCUMENTATION_COMMENTS = YES;
				CLANG_WARN_EMPTY_BODY = YES;
				CLANG_WARN_ENUM_CONVERSION = YES;
				CLANG_WARN_INFINITE_RECURSION = YES;
				CLANG_WARN_INT_CONVERSION = YES;
				CLANG_WARN_NON_LITERAL_NULL_CONVERSION = YES;
				CLANG_WARN_OBJC_LITERAL_CONVERSION = YES;
				CLANG_WARN_OBJC_ROOT_CLASS = YES_ERROR;
				CLANG_WARN_RANGE_LOOP_ANALYSIS = YES;
				CLANG_WARN_STRICT_PROTOTYPES = YES;
				CLANG_WARN_SUSPICIOUS_MOVE = YES;
				CLANG_WARN_UNGUARDED_AVAILABILITY = YES_AGGRESSIVE;
				CLANG_WARN_UNREACHABLE_CODE = YES;
				CLANG_WARN__DUPLICATE_METHOD_MATCH = YES;
				CODE_SIGN_IDENTITY = "iPhone Developer";
				COPY_PHASE_STRIP = NO;
				CURRENT_PROJECT_VERSION = 1;
				DEBUG_INFORMATION_FORMAT = dwarf;
				ENABLE_STRICT_OBJC_MSGSEND = YES;
				ENABLE_TESTABILITY = YES;
				GCC_C_LANGUAGE_STANDARD = gnu11;
				GCC_DYNAMIC_NO_PIC = NO;
				GCC_NO_COMMON_BLOCKS = YES;
				GCC_OPTIMIZATION_LEVEL = 0;
				GCC_PREPROCESSOR_DEFINITIONS = (
					"DEBUG=1",
					"$(inherited)",
				);
				GCC_WARN_64_TO_32_BIT_CONVERSION = YES;
				GCC_WARN_ABOUT_RETURN_TYPE = YES_ERROR;
				GCC_WARN_UNDECLARED_SELECTOR = YES;
				GCC_WARN_UNINITIALIZED_AUTOS = YES_AGGRESSIVE;
				GCC_WARN_UNUSED_FUNCTION = YES;
				GCC_WARN_UNUSED_VARIABLE = YES;
				IPHONEOS_DEPLOYMENT_TARGET = 11.2;
				MTL_ENABLE_DEBUG_INFO = YES;
				ONLY_ACTIVE_ARCH = YES;
				SDKROOT = iphoneos;
				SWIFT_ACTIVE_COMPILATION_CONDITIONS = DEBUG;
				SWIFT_OPTIMIZATION_LEVEL = "-Onone";
				VERSIONING_SYSTEM = "apple-generic";
				VERSION_INFO_PREFIX = "";
			};
			name = Debug;
		};
		D9695C331FE4DA280078C0BC /* Release */ = {
			isa = XCBuildConfiguration;
			buildSettings = {
				ALWAYS_SEARCH_USER_PATHS = NO;
				CLANG_ANALYZER_NONNULL = YES;
				CLANG_ANALYZER_NUMBER_OBJECT_CONVERSION = YES_AGGRESSIVE;
				CLANG_CXX_LANGUAGE_STANDARD = "gnu++14";
				CLANG_CXX_LIBRARY = "libc++";
				CLANG_ENABLE_MODULES = YES;
				CLANG_ENABLE_OBJC_ARC = YES;
				CLANG_WARN_BLOCK_CAPTURE_AUTORELEASING = YES;
				CLANG_WARN_BOOL_CONVERSION = YES;
				CLANG_WARN_COMMA = YES;
				CLANG_WARN_CONSTANT_CONVERSION = YES;
				CLANG_WARN_DIRECT_OBJC_ISA_USAGE = YES_ERROR;
				CLANG_WARN_DOCUMENTATION_COMMENTS = YES;
				CLANG_WARN_EMPTY_BODY = YES;
				CLANG_WARN_ENUM_CONVERSION = YES;
				CLANG_WARN_INFINITE_RECURSION = YES;
				CLANG_WARN_INT_CONVERSION = YES;
				CLANG_WARN_NON_LITERAL_NULL_CONVERSION = YES;
				CLANG_WARN_OBJC_LITERAL_CONVERSION = YES;
				CLANG_WARN_OBJC_ROOT_CLASS = YES_ERROR;
				CLANG_WARN_RANGE_LOOP_ANALYSIS = YES;
				CLANG_WARN_STRICT_PROTOTYPES = YES;
				CLANG_WARN_SUSPICIOUS_MOVE = YES;
				CLANG_WARN_UNGUARDED_AVAILABILITY = YES_AGGRESSIVE;
				CLANG_WARN_UNREACHABLE_CODE = YES;
				CLANG_WARN__DUPLICATE_METHOD_MATCH = YES;
				CODE_SIGN_IDENTITY = "iPhone Developer";
				COPY_PHASE_STRIP = NO;
				CURRENT_PROJECT_VERSION = 1;
				DEBUG_INFORMATION_FORMAT = "dwarf-with-dsym";
				ENABLE_NS_ASSERTIONS = NO;
				ENABLE_STRICT_OBJC_MSGSEND = YES;
				GCC_C_LANGUAGE_STANDARD = gnu11;
				GCC_NO_COMMON_BLOCKS = YES;
				GCC_WARN_64_TO_32_BIT_CONVERSION = YES;
				GCC_WARN_ABOUT_RETURN_TYPE = YES_ERROR;
				GCC_WARN_UNDECLARED_SELECTOR = YES;
				GCC_WARN_UNINITIALIZED_AUTOS = YES_AGGRESSIVE;
				GCC_WARN_UNUSED_FUNCTION = YES;
				GCC_WARN_UNUSED_VARIABLE = YES;
				IPHONEOS_DEPLOYMENT_TARGET = 11.2;
				MTL_ENABLE_DEBUG_INFO = NO;
				SDKROOT = iphoneos;
				SWIFT_OPTIMIZATION_LEVEL = "-Owholemodule";
				VALIDATE_PRODUCT = YES;
				VERSIONING_SYSTEM = "apple-generic";
				VERSION_INFO_PREFIX = "";
			};
			name = Release;
		};
		D9695C351FE4DA280078C0BC /* Debug */ = {
			isa = XCBuildConfiguration;
			buildSettings = {
				CLANG_ENABLE_MODULES = YES;
				CODE_SIGN_IDENTITY = "";
				CODE_SIGN_STYLE = Automatic;
				DEFINES_MODULE = YES;
				DYLIB_COMPATIBILITY_VERSION = 1;
				DYLIB_CURRENT_VERSION = 1;
				DYLIB_INSTALL_NAME_BASE = "@rpath";
				INFOPLIST_FILE = ExFoundation/Info.plist;
				INSTALL_PATH = "$(LOCAL_LIBRARY_DIR)/Frameworks";
				LD_RUNPATH_SEARCH_PATHS = "$(inherited) @executable_path/Frameworks @loader_path/Frameworks";
				PRODUCT_BUNDLE_IDENTIFIER = jp.sora0077.ExFoundation;
				PRODUCT_NAME = "$(TARGET_NAME:c99extidentifier)";
				SKIP_INSTALL = YES;
				SWIFT_OPTIMIZATION_LEVEL = "-Onone";
				SWIFT_VERSION = 4.0;
				TARGETED_DEVICE_FAMILY = "1,2";
			};
			name = Debug;
		};
		D9695C361FE4DA280078C0BC /* Release */ = {
			isa = XCBuildConfiguration;
			buildSettings = {
				CLANG_ENABLE_MODULES = YES;
				CODE_SIGN_IDENTITY = "";
				CODE_SIGN_STYLE = Automatic;
				DEFINES_MODULE = YES;
				DYLIB_COMPATIBILITY_VERSION = 1;
				DYLIB_CURRENT_VERSION = 1;
				DYLIB_INSTALL_NAME_BASE = "@rpath";
				INFOPLIST_FILE = ExFoundation/Info.plist;
				INSTALL_PATH = "$(LOCAL_LIBRARY_DIR)/Frameworks";
				LD_RUNPATH_SEARCH_PATHS = "$(inherited) @executable_path/Frameworks @loader_path/Frameworks";
				PRODUCT_BUNDLE_IDENTIFIER = jp.sora0077.ExFoundation;
				PRODUCT_NAME = "$(TARGET_NAME:c99extidentifier)";
				SKIP_INSTALL = YES;
				SWIFT_VERSION = 4.0;
				TARGETED_DEVICE_FAMILY = "1,2";
			};
			name = Release;
		};
		D9695C461FE4DAFC0078C0BC /* Debug */ = {
			isa = XCBuildConfiguration;
			buildSettings = {
				CODE_SIGN_IDENTITY = "";
				CODE_SIGN_STYLE = Automatic;
				DEFINES_MODULE = YES;
				DYLIB_COMPATIBILITY_VERSION = 1;
				DYLIB_CURRENT_VERSION = 1;
				DYLIB_INSTALL_NAME_BASE = "@rpath";
				INFOPLIST_FILE = ExUIKit/Info.plist;
				INSTALL_PATH = "$(LOCAL_LIBRARY_DIR)/Frameworks";
				LD_RUNPATH_SEARCH_PATHS = "$(inherited) @executable_path/Frameworks @loader_path/Frameworks";
				PRODUCT_BUNDLE_IDENTIFIER = jp.sora0077.ExUIKit;
				PRODUCT_NAME = "$(TARGET_NAME:c99extidentifier)";
				SKIP_INSTALL = YES;
				SWIFT_VERSION = 4.0;
				TARGETED_DEVICE_FAMILY = "1,2";
			};
			name = Debug;
		};
		D9695C471FE4DAFC0078C0BC /* Release */ = {
			isa = XCBuildConfiguration;
			buildSettings = {
				CODE_SIGN_IDENTITY = "";
				CODE_SIGN_STYLE = Automatic;
				DEFINES_MODULE = YES;
				DYLIB_COMPATIBILITY_VERSION = 1;
				DYLIB_CURRENT_VERSION = 1;
				DYLIB_INSTALL_NAME_BASE = "@rpath";
				INFOPLIST_FILE = ExUIKit/Info.plist;
				INSTALL_PATH = "$(LOCAL_LIBRARY_DIR)/Frameworks";
				LD_RUNPATH_SEARCH_PATHS = "$(inherited) @executable_path/Frameworks @loader_path/Frameworks";
				PRODUCT_BUNDLE_IDENTIFIER = jp.sora0077.ExUIKit;
				PRODUCT_NAME = "$(TARGET_NAME:c99extidentifier)";
				SKIP_INSTALL = YES;
				SWIFT_VERSION = 4.0;
				TARGETED_DEVICE_FAMILY = "1,2";
			};
			name = Release;
		};
/* End XCBuildConfiguration section */

/* Begin XCConfigurationList section */
		D9695C261FE4DA280078C0BC /* Build configuration list for PBXProject "ExFoundation" */ = {
			isa = XCConfigurationList;
			buildConfigurations = (
				D9695C321FE4DA280078C0BC /* Debug */,
				D9695C331FE4DA280078C0BC /* Release */,
			);
			defaultConfigurationIsVisible = 0;
			defaultConfigurationName = Release;
		};
		D9695C341FE4DA280078C0BC /* Build configuration list for PBXNativeTarget "ExFoundation" */ = {
			isa = XCConfigurationList;
			buildConfigurations = (
				D9695C351FE4DA280078C0BC /* Debug */,
				D9695C361FE4DA280078C0BC /* Release */,
			);
			defaultConfigurationIsVisible = 0;
			defaultConfigurationName = Release;
		};
		D9695C451FE4DAFC0078C0BC /* Build configuration list for PBXNativeTarget "ExUIKit" */ = {
			isa = XCConfigurationList;
			buildConfigurations = (
				D9695C461FE4DAFC0078C0BC /* Debug */,
				D9695C471FE4DAFC0078C0BC /* Release */,
			);
			defaultConfigurationIsVisible = 0;
			defaultConfigurationName = Release;
		};
/* End XCConfigurationList section */
	};
	rootObject = D9695C231FE4DA280078C0BC /* Project object */;
}
